
Microsoft Visual Studio Solution File, Format Version 12.00
# Visual Studio Version 17
VisualStudioVersion = 17.9.34622.214
MinimumVisualStudioVersion = 10.0.40219.1
Project("{FAE04EC0-301F-11D3-BF4B-00C04F79EFBC}") = "App", "App\App.csproj", "{67D49368-0193-40C2-A2BA-3E501E0B05F4}"
EndProject
Project("{FAE04EC0-301F-11D3-BF4B-00C04F79EFBC}") = "Test", "Test\Test.csproj", "{8BEED168-5339-432A-8C50-6ABAF69CE0F3}"
EndProject
Global
	GlobalSection(SolutionConfigurationPlatforms) = preSolution
		Debug|Any CPU = Debug|Any CPU
		Release|Any CPU = Release|Any CPU
	EndGlobalSection
	GlobalSection(ProjectConfigurationPlatforms) = postSolution
		{67D49368-0193-40C2-A2BA-3E501E0B05F4}.Debug|Any CPU.ActiveCfg = Debug|Any CPU
		{67D49368-0193-40C2-A2BA-3E501E0B05F4}.Debug|Any CPU.Build.0 = Debug|Any CPU
		{67D49368-0193-40C2-A2BA-3E501E0B05F4}.Release|Any CPU.ActiveCfg = Release|Any CPU
		{67D49368-0193-40C2-A2BA-3E501E0B05F4}.Release|Any CPU.Build.0 = Release|Any CPU
		{8BEED168-5339-432A-8C50-6ABAF69CE0F3}.Debug|Any CPU.ActiveCfg = Debug|Any CPU
		{8BEED168-5339-432A-8C50-6ABAF69CE0F3}.Debug|Any CPU.Build.0 = Debug|Any CPU
		{8BEED168-5339-432A-8C50-6ABAF69CE0F3}.Release|Any CPU.ActiveCfg = Release|Any CPU
		{8BEED168-5339-432A-8C50-6ABAF69CE0F3}.Release|Any CPU.Build.0 = Release|Any CPU
	EndGlobalSection
	GlobalSection(SolutionProperties) = preSolution
		HideSolutionNode = FALSE
	EndGlobalSection
	GlobalSection(ExtensibilityGlobals) = postSolution
		SolutionGuid = {EFC7E5A0-8341-4693-884A-C61F9D8E5875}
	EndGlobalSection
EndGlobal
